<?xml version="1.0" encoding="utf-8"?>
<Project ToolsVersion="4.0" xmlns="http://schemas.microsoft.com/developer/msbuild/2003">
  <ItemGroup>
    <Filter Include="Source Files">
      <UniqueIdentifier>{4FC737F1-C7A5-4376-A066-2A32D752A2FF}</UniqueIdentifier>
      <Extensions>cpp;c;cc;cxx;c++;cppm;ixx;def;odl;idl;hpj;bat;asm;asmx</Extensions>
    </Filter>
    <Filter Include="Header Files">
      <UniqueIdentifier>{93995380-89BD-4b04-88EB-625FBE52EBFB}</UniqueIdentifier>
      <Extensions>h;hh;hpp;hxx;h++;hm;inl;inc;ipp;xsd</Extensions>
    </Filter>
    <Filter Include="Resource Files">
      <UniqueIdentifier>{67DA6AB6-F800-4c08-8B7A-83BB121AAD01}</UniqueIdentifier>
      <Extensions>rc;ico;cur;bmp;dlg;rc2;rct;bin;rgs;gif;jpg;jpeg;jpe;resx;tiff;tif;png;wav;mfcribbon-ms</Extensions>
    </Filter>
    <Filter Include="Map">
      <UniqueIdentifier>{bc0d579a-ca12-4f02-af48-0b34d910aaf6}</UniqueIdentifier>
    </Filter>
    <Filter Include="Level">
      <UniqueIdentifier>{dc465aed-ccf2-4294-93ad-e8afec8f9c03}</UniqueIdentifier>
    </Filter>
    <Filter Include="Character">
      <UniqueIdentifier>{e4689011-1ef6-4cd4-b06c-30222d136610}</UniqueIdentifier>
    </Filter>
    <Filter Include="Data">
      <UniqueIdentifier>{1261c277-bcb8-4489-88ee-a4e2c75c5fd1}</UniqueIdentifier>
    </Filter>
    <Filter Include="Score">
      <UniqueIdentifier>{e483ae0e-08d5-4bc0-877b-5630b1c772b4}</UniqueIdentifier>
    </Filter>
    <Filter Include="Character\NPC">
      <UniqueIdentifier>{da235138-4292-400f-93e3-d54462a1f7ae}</UniqueIdentifier>
    </Filter>
    <Filter Include="Character\NPC\State">
      <UniqueIdentifier>{56095727-a67d-42e4-b352-e8f4ae762604}</UniqueIdentifier>
    </Filter>
    <Filter Include="Canvas">
      <UniqueIdentifier>{fac4362c-7641-4e0f-8bb1-472aa6449b3c}</UniqueIdentifier>
    </Filter>
  </ItemGroup>
  <ItemGroup>
    <ClCompile Include="Main.cpp">
      <Filter>Source Files</Filter>
    </ClCompile>
    <ClCompile Include="PacCommands.cpp">
      <Filter>Source Files</Filter>
    </ClCompile>
    <ClCompile Include="PacSound.cpp">
      <Filter>Source Files</Filter>
    </ClCompile>
    <ClCompile Include="PacController.cpp">
      <Filter>Character</Filter>
    </ClCompile>
    <ClCompile Include="PacGrid.cpp">
      <Filter>Level</Filter>
    </ClCompile>
    <ClCompile Include="PacLevel.cpp">
      <Filter>Level</Filter>
    </ClCompile>
    <ClCompile Include="PacNavigator.cpp">
      <Filter>Character</Filter>
    </ClCompile>
    <ClCompile Include="PacNPCChase.cpp">
      <Filter>Character\NPC\State</Filter>
    </ClCompile>
    <ClCompile Include="PacNPCState.cpp">
      <Filter>Character\NPC\State</Filter>
    </ClCompile>
    <ClCompile Include="PacNPCWander.cpp">
      <Filter>Character\NPC\State</Filter>
    </ClCompile>
    <ClCompile Include="PacJSONParser.cpp">
      <Filter>Data</Filter>
    </ClCompile>
    <ClCompile Include="PacNPC.cpp">
      <Filter>Character\NPC</Filter>
    </ClCompile>
    <ClCompile Include="PacHealthComponent.cpp" />
    <ClCompile Include="PacHealthHUD.cpp">
      <Filter>Source Files</Filter>
    </ClCompile>
    <ClCompile Include="PacScoreHUD.cpp">
      <Filter>Source Files</Filter>
    </ClCompile>
    <ClCompile Include="PacScoreComponent.cpp">
      <Filter>Source Files</Filter>
    </ClCompile>
    <ClCompile Include="PacNPCVulnerable.cpp">
      <Filter>Character\NPC\State</Filter>
    </ClCompile>
    <ClCompile Include="PacGameManager.cpp">
      <Filter>Source Files</Filter>
    </ClCompile>
    <ClCompile Include="PacSpawner.cpp">
      <Filter>Source Files</Filter>
    </ClCompile>
  </ItemGroup>
  <ItemGroup>
    <ClInclude Include="Main.h">
      <Filter>Header Files</Filter>
    </ClInclude>
    <ClInclude Include="PacCommands.h">
      <Filter>Header Files</Filter>
    </ClInclude>
    <ClInclude Include="PacSound.h">
      <Filter>Header Files</Filter>
    </ClInclude>
    <ClInclude Include="PacGrid.h">
      <Filter>Level</Filter>
    </ClInclude>
    <ClInclude Include="PacLevel.h">
      <Filter>Level</Filter>
    </ClInclude>
    <ClInclude Include="PacController.h">
      <Filter>Character</Filter>
    </ClInclude>
    <ClInclude Include="PacNavigator.h">
      <Filter>Character</Filter>
    </ClInclude>
    <ClInclude Include="PacNPCChase.h">
      <Filter>Character\NPC\State</Filter>
    </ClInclude>
    <ClInclude Include="PacNPCState.h">
      <Filter>Character\NPC\State</Filter>
    </ClInclude>
    <ClInclude Include="PacNPCWander.h">
      <Filter>Character\NPC\State</Filter>
    </ClInclude>
    <ClInclude Include="PacFilePaths.h">
      <Filter>Data</Filter>
    </ClInclude>
    <ClInclude Include="PacData.h">
      <Filter>Data</Filter>
    </ClInclude>
    <ClInclude Include="PacJSONParser.h">
      <Filter>Data</Filter>
    </ClInclude>
    <ClInclude Include="PacNPC.h">
      <Filter>Character\NPC</Filter>
    </ClInclude>
    <ClInclude Include="PacHealthComponent.h" />
    <ClInclude Include="PacHealthHUD.h">
      <Filter>Header Files</Filter>
    </ClInclude>
    <ClInclude Include="PacScoreHUD.h">
      <Filter>Header Files</Filter>
    </ClInclude>
    <ClInclude Include="PacScoreComponent.h">
      <Filter>Header Files</Filter>
    </ClInclude>
    <ClInclude Include="PacNPCVulnerable.h">
      <Filter>Character\NPC\State</Filter>
    </ClInclude>
    <ClInclude Include="PacGameManager.h">
      <Filter>Header Files</Filter>
    </ClInclude>
    <ClInclude Include="PacSpawner.h">
      <Filter>Header Files</Filter>
    </ClInclude>
  </ItemGroup>
</Project>